// !$*UTF8*$!
{
	archiveVersion = 1;
	classes = {
	};
	objectVersion = 56;
	objects = {

/* Begin PBXBuildFile section */
		BA97169A2B15B40300CB9347 /* AppDelegate.swift in Sources */ = {isa = PBXBuildFile; fileRef = BA9716992B15B40300CB9347 /* AppDelegate.swift */; };
		BA97169C2B15B40300CB9347 /* SceneDelegate.swift in Sources */ = {isa = PBXBuildFile; fileRef = BA97169B2B15B40300CB9347 /* SceneDelegate.swift */; };
		BA97169E2B15B40300CB9347 /* ViewController.swift in Sources */ = {isa = PBXBuildFile; fileRef = BA97169D2B15B40300CB9347 /* ViewController.swift */; };
		BA9716A12B15B40300CB9347 /* Main.storyboard in Resources */ = {isa = PBXBuildFile; fileRef = BA97169F2B15B40300CB9347 /* Main.storyboard */; };
		BA9716A32B15B40400CB9347 /* Assets.xcassets in Resources */ = {isa = PBXBuildFile; fileRef = BA9716A22B15B40400CB9347 /* Assets.xcassets */; };
		BA9716A62B15B40400CB9347 /* LaunchScreen.storyboard in Resources */ = {isa = PBXBuildFile; fileRef = BA9716A42B15B40400CB9347 /* LaunchScreen.storyboard */; };
		BA9716B12B15B40500CB9347 /* tablasTests.swift in Sources */ = {isa = PBXBuildFile; fileRef = BA9716B02B15B40500CB9347 /* tablasTests.swift */; };
		BA9716BB2B15B40500CB9347 /* tablasUITests.swift in Sources */ = {isa = PBXBuildFile; fileRef = BA9716BA2B15B40500CB9347 /* tablasUITests.swift */; };
		BA9716BD2B15B40500CB9347 /* tablasUITestsLaunchTests.swift in Sources */ = {isa = PBXBuildFile; fileRef = BA9716BC2B15B40500CB9347 /* tablasUITestsLaunchTests.swift */; };
/* End PBXBuildFile section */

/* Begin PBXContainerItemProxy section */
		BA9716AD2B15B40500CB9347 /* PBXContainerItemProxy */ = {
			isa = PBXContainerItemProxy;
			containerPortal = BA97168E2B15B40300CB9347 /* Project object */;
			proxyType = 1;
			remoteGlobalIDString = BA9716952B15B40300CB9347;
			remoteInfo = tablas;
		};
		BA9716B72B15B40500CB9347 /* PBXContainerItemProxy */ = {
			isa = PBXContainerItemProxy;
			containerPortal = BA97168E2B15B40300CB9347 /* Project object */;
			proxyType = 1;
			remoteGlobalIDString = BA9716952B15B40300CB9347;
			remoteInfo = tablas;
		};
/* End PBXContainerItemProxy section */

/* Begin PBXFileReference section */
		BA9716962B15B40300CB9347 /* tablas.app */ = {isa = PBXFileReference; explicitFileType = wrapper.application; includeInIndex = 0; path = tablas.app; sourceTree = BUILT_PRODUCTS_DIR; };
		BA9716992B15B40300CB9347 /* AppDelegate.swift */ = {isa = PBXFileReference; lastKnownFileType = sourcecode.swift; path = AppDelegate.swift; sourceTree = "<group>"; };
		BA97169B2B15B40300CB9347 /* SceneDelegate.swift */ = {isa = PBXFileReference; lastKnownFileType = sourcecode.swift; path = SceneDelegate.swift; sourceTree = "<group>"; };
		BA97169D2B15B40300CB9347 /* ViewController.swift */ = {isa = PBXFileReference; lastKnownFileType = sourcecode.swift; path = ViewController.swift; sourceTree = "<group>"; };
		BA9716A02B15B40300CB9347 /* Base */ = {isa = PBXFileReference; lastKnownFileType = file.storyboard; name = Base; path = Base.lproj/Main.storyboard; sourceTree = "<group>"; };
		BA9716A22B15B40400CB9347 /* Assets.xcassets */ = {isa = PBXFileReference; lastKnownFileType = folder.assetcatalog; path = Assets.xcassets; sourceTree = "<group>"; };
		BA9716A52B15B40400CB9347 /* Base */ = {isa = PBXFileReference; lastKnownFileType = file.storyboard; name = Base; path = Base.lproj/LaunchScreen.storyboard; sourceTree = "<group>"; };
		BA9716A72B15B40400CB9347 /* Info.plist */ = {isa = PBXFileReference; lastKnownFileType = text.plist.xml; path = Info.plist; sourceTree = "<group>"; };
		BA9716AC2B15B40500CB9347 /* tablasTests.xctest */ = {isa = PBXFileReference; explicitFileType = wrapper.cfbundle; includeInIndex = 0; path = tablasTests.xctest; sourceTree = BUILT_PRODUCTS_DIR; };
		BA9716B02B15B40500CB9347 /* tablasTests.swift */ = {isa = PBXFileReference; lastKnownFileType = sourcecode.swift; path = tablasTests.swift; sourceTree = "<group>"; };
		BA9716B62B15B40500CB9347 /* tablasUITests.xctest */ = {isa = PBXFileReference; explicitFileType = wrapper.cfbundle; includeInIndex = 0; path = tablasUITests.xctest; sourceTree = BUILT_PRODUCTS_DIR; };
		BA9716BA2B15B40500CB9347 /* tablasUITests.swift */ = {isa = PBXFileReference; lastKnownFileType = sourcecode.swift; path = tablasUITests.swift; sourceTree = "<group>"; };
		BA9716BC2B15B40500CB9347 /* tablasUITestsLaunchTests.swift */ = {isa = PBXFileReference; lastKnownFileType = sourcecode.swift; path = tablasUITestsLaunchTests.swift; sourceTree = "<group>"; };
/* End PBXFileReference section */

/* Begin PBXFrameworksBuildPhase section */
		BA9716932B15B40300CB9347 /* Frameworks */ = {
			isa = PBXFrameworksBuildPhase;
			buildActionMask = 2147483647;
			files = (
			);
			runOnlyForDeploymentPostprocessing = 0;
		};
		BA9716A92B15B40500CB9347 /* Frameworks */ = {
			isa = PBXFrameworksBuildPhase;
			buildActionMask = 2147483647;
			files = (
			);
			runOnlyForDeploymentPostprocessing = 0;
		};
		BA9716B32B15B40500CB9347 /* Frameworks */ = {
			isa = PBXFrameworksBuildPhase;
			buildActionMask = 2147483647;
			files = (
			);
			runOnlyForDeploymentPostprocessing = 0;
		};
/* End PBXFrameworksBuildPhase section */

/* Begin PBXGroup section */
		BA97168D2B15B40300CB9347 = {
			isa = PBXGroup;
			children = (
				BA9716982B15B40300CB9347 /* tablas */,
				BA9716AF2B15B40500CB9347 /* tablasTests */,
				BA9716B92B15B40500CB9347 /* tablasUITests */,
				BA9716972B15B40300CB9347 /* Products */,
			);
			sourceTree = "<group>";
		};
		BA9716972B15B40300CB9347 /* Products */ = {
			isa = PBXGroup;
			children = (
				BA9716962B15B40300CB9347 /* tablas.app */,
				BA9716AC2B15B40500CB9347 /* tablasTests.xctest */,
				BA9716B62B15B40500CB9347 /* tablasUITests.xctest */,
			);
			name = Products;
			sourceTree = "<group>";
		};
		BA9716982B15B40300CB9347 /* tablas */ = {
			isa = PBXGroup;
			children = (
				BA9716992B15B40300CB9347 /* AppDelegate.swift */,
				BA97169B2B15B40300CB9347 /* SceneDelegate.swift */,
				BA97169D2B15B40300CB9347 /* ViewController.swift */,
				BA97169F2B15B40300CB9347 /* Main.storyboard */,
				BA9716A22B15B40400CB9347 /* Assets.xcassets */,
				BA9716A42B15B40400CB9347 /* LaunchScreen.storyboard */,
				BA9716A72B15B40400CB9347 /* Info.plist */,
			);
			path = tablas;
			sourceTree = "<group>";
		};
		BA9716AF2B15B40500CB9347 /* tablasTests */ = {
			isa = PBXGroup;
			children = (
				BA9716B02B15B40500CB9347 /* tablasTests.swift */,
			);
			path = tablasTests;
			sourceTree = "<group>";
		};
		BA9716B92B15B40500CB9347 /* tablasUITests */ = {
			isa = PBXGroup;
			children = (
				BA9716BA2B15B40500CB9347 /* tablasUITests.swift */,
				BA9716BC2B15B40500CB9347 /* tablasUITestsLaunchTests.swift */,
			);
			path = tablasUITests;
			sourceTree = "<group>";
		};
/* End PBXGroup section */

/* Begin PBXNativeTarget section */
		BA9716952B15B40300CB9347 /* tablas */ = {
			isa = PBXNativeTarget;
			buildConfigurationList = BA9716C02B15B40500CB9347 /* Build configuration list for PBXNativeTarget "tablas" */;
			buildPhases = (
				BA9716922B15B40300CB9347 /* Sources */,
				BA9716932B15B40300CB9347 /* Frameworks */,
				BA9716942B15B40300CB9347 /* Resources */,
			);
			buildRules = (
			);
			dependencies = (
			);
			name = tablas;
			productName = tablas;
			productReference = BA9716962B15B40300CB9347 /* tablas.app */;
			productType = "com.apple.product-type.application";
		};
		BA9716AB2B15B40500CB9347 /* tablasTests */ = {
			isa = PBXNativeTarget;
			buildConfigurationList = BA9716C32B15B40500CB9347 /* Build configuration list for PBXNativeTarget "tablasTests" */;
			buildPhases = (
				BA9716A82B15B40500CB9347 /* Sources */,
				BA9716A92B15B40500CB9347 /* Frameworks */,
				BA9716AA2B15B40500CB9347 /* Resources */,
			);
			buildRules = (
			);
			dependencies = (
				BA9716AE2B15B40500CB9347 /* PBXTargetDependency */,
			);
			name = tablasTests;
			productName = tablasTests;
			productReference = BA9716AC2B15B40500CB9347 /* tablasTests.xctest */;
			productType = "com.apple.product-type.bundle.unit-test";
		};
		BA9716B52B15B40500CB9347 /* tablasUITests */ = {
			isa = PBXNativeTarget;
			buildConfigurationList = BA9716C62B15B40500CB9347 /* Build configuration list for PBXNativeTarget "tablasUITests" */;
			buildPhases = (
				BA9716B22B15B40500CB9347 /* Sources */,
				BA9716B32B15B40500CB9347 /* Frameworks */,
				BA9716B42B15B40500CB9347 /* Resources */,
			);
			buildRules = (
			);
			dependencies = (
				BA9716B82B15B40500CB9347 /* PBXTargetDependency */,
			);
			name = tablasUITests;
			productName = tablasUITests;
			productReference = BA9716B62B15B40500CB9347 /* tablasUITests.xctest */;
			productType = "com.apple.product-type.bundle.ui-testing";
		};
/* End PBXNativeTarget section */

/* Begin PBXProject section */
		BA97168E2B15B40300CB9347 /* Project object */ = {
			isa = PBXProject;
			attributes = {
				BuildIndependentTargetsInParallel = 1;
				LastSwiftUpdateCheck = 1500;
				LastUpgradeCheck = 1500;
				TargetAttributes = {
					BA9716952B15B40300CB9347 = {
						CreatedOnToolsVersion = 15.0.1;
					};
					BA9716AB2B15B40500CB9347 = {
						CreatedOnToolsVersion = 15.0.1;
						TestTargetID = BA9716952B15B40300CB9347;
					};
					BA9716B52B15B40500CB9347 = {
						CreatedOnToolsVersion = 15.0.1;
						TestTargetID = BA9716952B15B40300CB9347;
					};
				};
			};
			buildConfigurationList = BA9716912B15B40300CB9347 /* Build configuration list for PBXProject "tablas" */;
			compatibilityVersion = "Xcode 14.0";
			developmentRegion = en;
			hasScannedForEncodings = 0;
			knownRegions = (
				en,
				Base,
			);
			mainGroup = BA97168D2B15B40300CB9347;
			productRefGroup = BA9716972B15B40300CB9347 /* Products */;
			projectDirPath = "";
			projectRoot = "";
			targets = (
				BA9716952B15B40300CB9347 /* tablas */,
				BA9716AB2B15B40500CB9347 /* tablasTests */,
				BA9716B52B15B40500CB9347 /* tablasUITests */,
			);
		};
/* End PBXProject section */

/* Begin PBXResourcesBuildPhase section */
		BA9716942B15B40300CB9347 /* Resources */ = {
			isa = PBXResourcesBuildPhase;
			buildActionMask = 2147483647;
			files = (
				BA9716A62B15B40400CB9347 /* LaunchScreen.storyboard in Resources */,
				BA9716A32B15B40400CB9347 /* Assets.xcassets in Resources */,
				BA9716A12B15B40300CB9347 /* Main.storyboard in Resources */,
			);
			runOnlyForDeploymentPostprocessing = 0;
		};
		BA9716AA2B15B40500CB9347 /* Resources */ = {
			isa = PBXResourcesBuildPhase;
			buildActionMask = 2147483647;
			files = (
			);
			runOnlyForDeploymentPostprocessing = 0;
		};
		BA9716B42B15B40500CB9347 /* Resources */ = {
			isa = PBXResourcesBuildPhase;
			buildActionMask = 2147483647;
			files = (
			);
			runOnlyForDeploymentPostprocessing = 0;
		};
/* End PBXResourcesBuildPhase section */

/* Begin PBXSourcesBuildPhase section */
		BA9716922B15B40300CB9347 /* Sources */ = {
			isa = PBXSourcesBuildPhase;
			buildActionMask = 2147483647;
			files = (
				BA97169E2B15B40300CB9347 /* ViewController.swift in Sources */,
				BA97169A2B15B40300CB9347 /* AppDelegate.swift in Sources */,
				BA97169C2B15B40300CB9347 /* SceneDelegate.swift in Sources */,
			);
			runOnlyForDeploymentPostprocessing = 0;
		};
		BA9716A82B15B40500CB9347 /* Sources */ = {
			isa = PBXSourcesBuildPhase;
			buildActionMask = 2147483647;
			files = (
				BA9716B12B15B40500CB9347 /* tablasTests.swift in Sources */,
			);
			runOnlyForDeploymentPostprocessing = 0;
		};
		BA9716B22B15B40500CB9347 /* Sources */ = {
			isa = PBXSourcesBuildPhase;
			buildActionMask = 2147483647;
			files = (
				BA9716BB2B15B40500CB9347 /* tablasUITests.swift in Sources */,
				BA9716BD2B15B40500CB9347 /* tablasUITestsLaunchTests.swift in Sources */,
			);
			runOnlyForDeploymentPostprocessing = 0;
		};
/* End PBXSourcesBuildPhase section */

/* Begin PBXTargetDependency section */
		BA9716AE2B15B40500CB9347 /* PBXTargetDependency */ = {
			isa = PBXTargetDependency;
			target = BA9716952B15B40300CB9347 /* tablas */;
			targetProxy = BA9716AD2B15B40500CB9347 /* PBXContainerItemProxy */;
		};
		BA9716B82B15B40500CB9347 /* PBXTargetDependency */ = {
			isa = PBXTargetDependency;
			target = BA9716952B15B40300CB9347 /* tablas */;
			targetProxy = BA9716B72B15B40500CB9347 /* PBXContainerItemProxy */;
		};
/* End PBXTargetDependency section */

/* Begin PBXVariantGroup section */
		BA97169F2B15B40300CB9347 /* Main.storyboard */ = {
			isa = PBXVariantGroup;
			children = (
				BA9716A02B15B40300CB9347 /* Base */,
			);
			name = Main.storyboard;
			sourceTree = "<group>";
		};
		BA9716A42B15B40400CB9347 /* LaunchScreen.storyboard */ = {
			isa = PBXVariantGroup;
			children = (
				BA9716A52B15B40400CB9347 /* Base */,
			);
			name = LaunchScreen.storyboard;
			sourceTree = "<group>";
		};
/* End PBXVariantGroup section */

/* Begin XCBuildConfiguration section */
		BA9716BE2B15B40500CB9347 /* Debug */ = {
			isa = XCBuildConfiguration;
			buildSettings = {
				ALWAYS_SEARCH_USER_PATHS = NO;
				ASSETCATALOG_COMPILER_GENERATE_SWIFT_ASSET_SYMBOL_EXTENSIONS = YES;
				CLANG_ANALYZER_NONNULL = YES;
				CLANG_ANALYZER_NUMBER_OBJECT_CONVERSION = YES_AGGRESSIVE;
				CLANG_CXX_LANGUAGE_STANDARD = "gnu++20";
				CLANG_ENABLE_MODULES = YES;
				CLANG_ENABLE_OBJC_ARC = YES;
				CLANG_ENABLE_OBJC_WEAK = YES;
				CLANG_WARN_BLOCK_CAPTURE_AUTORELEASING = YES;
				CLANG_WARN_BOOL_CONVERSION = YES;
				CLANG_WARN_COMMA = YES;
				CLANG_WARN_CONSTANT_CONVERSION = YES;
				CLANG_WARN_DEPRECATED_OBJC_IMPLEMENTATIONS = YES;
				CLANG_WARN_DIRECT_OBJC_ISA_USAGE = YES_ERROR;
				CLANG_WARN_DOCUMENTATION_COMMENTS = YES;
				CLANG_WARN_EMPTY_BODY = YES;
				CLANG_WARN_ENUM_CONVERSION = YES;
				CLANG_WARN_INFINITE_RECURSION = YES;
				CLANG_WARN_INT_CONVERSION = YES;
				CLANG_WARN_NON_LITERAL_NULL_CONVERSION = YES;
				CLANG_WARN_OBJC_IMPLICIT_RETAIN_SELF = YES;
				CLANG_WARN_OBJC_LITERAL_CONVERSION = YES;
				CLANG_WARN_OBJC_ROOT_CLASS = YES_ERROR;
				CLANG_WARN_QUOTED_INCLUDE_IN_FRAMEWORK_HEADER = YES;
				CLANG_WARN_RANGE_LOOP_ANALYSIS = YES;
				CLANG_WARN_STRICT_PROTOTYPES = YES;
				CLANG_WARN_SUSPICIOUS_MOVE = YES;
				CLANG_WARN_UNGUARDED_AVAILABILITY = YES_AGGRESSIVE;
				CLANG_WARN_UNREACHABLE_CODE = YES;
				CLANG_WARN__DUPLICATE_METHOD_MATCH = YES;
				COPY_PHASE_STRIP = NO;
				DEBUG_INFORMATION_FORMAT = dwarf;
				ENABLE_STRICT_OBJC_MSGSEND = YES;
				ENABLE_TESTABILITY = YES;
				ENABLE_USER_SCRIPT_SANDBOXING = YES;
				GCC_C_LANGUAGE_STANDARD = gnu17;
				GCC_DYNAMIC_NO_PIC = NO;
				GCC_NO_COMMON_BLOCKS = YES;
				GCC_OPTIMIZATION_LEVEL = 0;
				GCC_PREPROCESSOR_DEFINITIONS = (
					"DEBUG=1",
					"$(inherited)",
				);
				GCC_WARN_64_TO_32_BIT_CONVERSION = YES;
				GCC_WARN_ABOUT_RETURN_TYPE = YES_ERROR;
				GCC_WARN_UNDECLARED_SELECTOR = YES;
				GCC_WARN_UNINITIALIZED_AUTOS = YES_AGGRESSIVE;
				GCC_WARN_UNUSED_FUNCTION = YES;
				GCC_WARN_UNUSED_VARIABLE = YES;
				IPHONEOS_DEPLOYMENT_TARGET = 17.0;
				LOCALIZATION_PREFERS_STRING_CATALOGS = YES;
				MTL_ENABLE_DEBUG_INFO = INCLUDE_SOURCE;
				MTL_FAST_MATH = YES;
				ONLY_ACTIVE_ARCH = YES;
				SDKROOT = iphoneos;
				SWIFT_ACTIVE_COMPILATION_CONDITIONS = "DEBUG $(inherited)";
				SWIFT_OPTIMIZATION_LEVEL = "-Onone";
			};
			name = Debug;
		};
		BA9716BF2B15B40500CB9347 /* Release */ = {
			isa = XCBuildConfiguration;
			buildSettings = {
				ALWAYS_SEARCH_USER_PATHS = NO;
				ASSETCATALOG_COMPILER_GENERATE_SWIFT_ASSET_SYMBOL_EXTENSIONS = YES;
				CLANG_ANALYZER_NONNULL = YES;
				CLANG_ANALYZER_NUMBER_OBJECT_CONVERSION = YES_AGGRESSIVE;
				CLANG_CXX_LANGUAGE_STANDARD = "gnu++20";
				CLANG_ENABLE_MODULES = YES;
				CLANG_ENABLE_OBJC_ARC = YES;
				CLANG_ENABLE_OBJC_WEAK = YES;
				CLANG_WARN_BLOCK_CAPTURE_AUTORELEASING = YES;
				CLANG_WARN_BOOL_CONVERSION = YES;
				CLANG_WARN_COMMA = YES;
				CLANG_WARN_CONSTANT_CONVERSION = YES;
				CLANG_WARN_DEPRECATED_OBJC_IMPLEMENTATIONS = YES;
				CLANG_WARN_DIRECT_OBJC_ISA_USAGE = YES_ERROR;
				CLANG_WARN_DOCUMENTATION_COMMENTS = YES;
				CLANG_WARN_EMPTY_BODY = YES;
				CLANG_WARN_ENUM_CONVERSION = YES;
				CLANG_WARN_INFINITE_RECURSION = YES;
				CLANG_WARN_INT_CONVERSION = YES;
				CLANG_WARN_NON_LITERAL_NULL_CONVERSION = YES;
				CLANG_WARN_OBJC_IMPLICIT_RETAIN_SELF = YES;
				CLANG_WARN_OBJC_LITERAL_CONVERSION = YES;
				CLANG_WARN_OBJC_ROOT_CLASS = YES_ERROR;
				CLANG_WARN_QUOTED_INCLUDE_IN_FRAMEWORK_HEADER = YES;
				CLANG_WARN_RANGE_LOOP_ANALYSIS = YES;
				CLANG_WARN_STRICT_PROTOTYPES = YES;
				CLANG_WARN_SUSPICIOUS_MOVE = YES;
				CLANG_WARN_UNGUARDED_AVAILABILITY = YES_AGGRESSIVE;
				CLANG_WARN_UNREACHABLE_CODE = YES;
				CLANG_WARN__DUPLICATE_METHOD_MATCH = YES;
				COPY_PHASE_STRIP = NO;
				DEBUG_INFORMATION_FORMAT = "dwarf-with-dsym";
				ENABLE_NS_ASSERTIONS = NO;
				ENABLE_STRICT_OBJC_MSGSEND = YES;
				ENABLE_USER_SCRIPT_SANDBOXING = YES;
				GCC_C_LANGUAGE_STANDARD = gnu17;
				GCC_NO_COMMON_BLOCKS = YES;
				GCC_WARN_64_TO_32_BIT_CONVERSION = YES;
				GCC_WARN_ABOUT_RETURN_TYPE = YES_ERROR;
				GCC_WARN_UNDECLARED_SELECTOR = YES;
				GCC_WARN_UNINITIALIZED_AUTOS = YES_AGGRESSIVE;
				GCC_WARN_UNUSED_FUNCTION = YES;
				GCC_WARN_UNUSED_VARIABLE = YES;
				IPHONEOS_DEPLOYMENT_TARGET = 17.0;
				LOCALIZATION_PREFERS_STRING_CATALOGS = YES;
				MTL_ENABLE_DEBUG_INFO = NO;
				MTL_FAST_MATH = YES;
				SDKROOT = iphoneos;
				SWIFT_COMPILATION_MODE = wholemodule;
				VALIDATE_PRODUCT = YES;
			};
			name = Release;
		};
		BA9716C12B15B40500CB9347 /* Debug */ = {
			isa = XCBuildConfiguration;
			buildSettings = {
				ASSETCATALOG_COMPILER_APPICON_NAME = AppIcon;
				ASSETCATALOG_COMPILER_GLOBAL_ACCENT_COLOR_NAME = AccentColor;
				CODE_SIGN_STYLE = Automatic;
				CURRENT_PROJECT_VERSION = 1;
				DEVELOPMENT_TEAM = 2365W7GK84;
				GENERATE_INFOPLIST_FILE = YES;
				INFOPLIST_FILE = tablas/Info.plist;
				INFOPLIST_KEY_UIApplicationSupportsIndirectInputEvents = YES;
				INFOPLIST_KEY_UILaunchStoryboardName = LaunchScreen;
				INFOPLIST_KEY_UIMainStoryboardFile = Main;
				INFOPLIST_KEY_UISupportedInterfaceOrientations_iPad = "UIInterfaceOrientationPortrait UIInterfaceOrientationPortraitUpsideDown UIInterfaceOrientationLandscapeLeft UIInterfaceOrientationLandscapeRight";
				INFOPLIST_KEY_UISupportedInterfaceOrientations_iPhone = "UIInterfaceOrientationPortrait UIInterfaceOrientationLandscapeLeft UIInterfaceOrientationLandscapeRight";
				LD_RUNPATH_SEARCH_PATHS = (
					"$(inherited)",
					"@executable_path/Frameworks",
				);
				MARKETING_VERSION = 1.0;
				PRODUCT_BUNDLE_IDENTIFIER = alain.tablas;
				PRODUCT_NAME = "$(TARGET_NAME)";
				SWIFT_EMIT_LOC_STRINGS = YES;
				SWIFT_VERSION = 5.0;
				TARGETED_DEVICE_FAMILY = "1,2";
			};
			name = Debug;
		};
		BA9716C22B15B40500CB9347 /* Release */ = {
			isa = XCBuildConfiguration;
			buildSettings = {
				ASSETCATALOG_COMPILER_APPICON_NAME = AppIcon;
				ASSETCATALOG_COMPILER_GLOBAL_ACCENT_COLOR_NAME = AccentColor;
				CODE_SIGN_STYLE = Automatic;
				CURRENT_PROJECT_VERSION = 1;
				DEVELOPMENT_TEAM = 2365W7GK84;
				GENERATE_INFOPLIST_FILE = YES;
				INFOPLIST_FILE = tablas/Info.plist;
				INFOPLIST_KEY_UIApplicationSupportsIndirectInputEvents = YES;
				INFOPLIST_KEY_UILaunchStoryboardName = LaunchScreen;
				INFOPLIST_KEY_UIMainStoryboardFile = Main;
				INFOPLIST_KEY_UISupportedInterfaceOrientations_iPad = "UIInterfaceOrientationPortrait UIInterfaceOrientationPortraitUpsideDown UIInterfaceOrientationLandscapeLeft UIInterfaceOrientationLandscapeRight";
				INFOPLIST_KEY_UISupportedInterfaceOrientations_iPhone = "UIInterfaceOrientationPortrait UIInterfaceOrientationLandscapeLeft UIInterfaceOrientationLandscapeRight";
				LD_RUNPATH_SEARCH_PATHS = (
					"$(inherited)",
					"@executable_path/Frameworks",
				);
				MARKETING_VERSION = 1.0;
				PRODUCT_BUNDLE_IDENTIFIER = alain.tablas;
				PRODUCT_NAME = "$(TARGET_NAME)";
				SWIFT_EMIT_LOC_STRINGS = YES;
				SWIFT_VERSION = 5.0;
				TARGETED_DEVICE_FAMILY = "1,2";
			};
			name = Release;
		};
		BA9716C42B15B40500CB9347 /* Debug */ = {
			isa = XCBuildConfiguration;
			buildSettings = {
				ALWAYS_EMBED_SWIFT_STANDARD_LIBRARIES = YES;
				BUNDLE_LOADER = "$(TEST_HOST)";
				CODE_SIGN_STYLE = Automatic;
				CURRENT_PROJECT_VERSION = 1;
				DEVELOPMENT_TEAM = 2365W7GK84;
				GENERATE_INFOPLIST_FILE = YES;
				IPHONEOS_DEPLOYMENT_TARGET = 17.0;
				MARKETING_VERSION = 1.0;
				PRODUCT_BUNDLE_IDENTIFIER = alain.tablasTests;
				PRODUCT_NAME = "$(TARGET_NAME)";
				SWIFT_EMIT_LOC_STRINGS = NO;
				SWIFT_VERSION = 5.0;
				TARGETED_DEVICE_FAMILY = "1,2";
				TEST_HOST = "$(BUILT_PRODUCTS_DIR)/tablas.app/$(BUNDLE_EXECUTABLE_FOLDER_PATH)/tablas";
			};
			name = Debug;
		};
		BA9716C52B15B40500CB9347 /* Release */ = {
			isa = XCBuildConfiguration;
			buildSettings = {
				ALWAYS_EMBED_SWIFT_STANDARD_LIBRARIES = YES;
				BUNDLE_LOADER = "$(TEST_HOST)";
				CODE_SIGN_STYLE = Automatic;
				CURRENT_PROJECT_VERSION = 1;
				DEVELOPMENT_TEAM = 2365W7GK84;
				GENERATE_INFOPLIST_FILE = YES;
				IPHONEOS_DEPLOYMENT_TARGET = 17.0;
				MARKETING_VERSION = 1.0;
				PRODUCT_BUNDLE_IDENTIFIER = alain.tablasTests;
				PRODUCT_NAME = "$(TARGET_NAME)";
				SWIFT_EMIT_LOC_STRINGS = NO;
				SWIFT_VERSION = 5.0;
				TARGETED_DEVICE_FAMILY = "1,2";
				TEST_HOST = "$(BUILT_PRODUCTS_DIR)/tablas.app/$(BUNDLE_EXECUTABLE_FOLDER_PATH)/tablas";
			};
			name = Release;
		};
		BA9716C72B15B40500CB9347 /* Debug */ = {
			isa = XCBuildConfiguration;
			buildSettings = {
				ALWAYS_EMBED_SWIFT_STANDARD_LIBRARIES = YES;
				CODE_SIGN_STYLE = Automatic;
				CURRENT_PROJECT_VERSION = 1;
				DEVELOPMENT_TEAM = 2365W7GK84;
				GENERATE_INFOPLIST_FILE = YES;
				MARKETING_VERSION = 1.0;
				PRODUCT_BUNDLE_IDENTIFIER = alain.tablasUITests;
				PRODUCT_NAME = "$(TARGET_NAME)";
				SWIFT_EMIT_LOC_STRINGS = NO;
				SWIFT_VERSION = 5.0;
				TARGETED_DEVICE_FAMILY = "1,2";
				TEST_TARGET_NAME = tablas;
			};
			name = Debug;
		};
		BA9716C82B15B40500CB9347 /* Release */ = {
			isa = XCBuildConfiguration;
			buildSettings = {
				ALWAYS_EMBED_SWIFT_STANDARD_LIBRARIES = YES;
				CODE_SIGN_STYLE = Automatic;
				CURRENT_PROJECT_VERSION = 1;
				DEVELOPMENT_TEAM = 2365W7GK84;
				GENERATE_INFOPLIST_FILE = YES;
				MARKETING_VERSION = 1.0;
				PRODUCT_BUNDLE_IDENTIFIER = alain.tablasUITests;
				PRODUCT_NAME = "$(TARGET_NAME)";
				SWIFT_EMIT_LOC_STRINGS = NO;
				SWIFT_VERSION = 5.0;
				TARGETED_DEVICE_FAMILY = "1,2";
				TEST_TARGET_NAME = tablas;
			};
			name = Release;
		};
/* End XCBuildConfiguration section */

/* Begin XCConfigurationList section */
		BA9716912B15B40300CB9347 /* Build configuration list for PBXProject "tablas" */ = {
			isa = XCConfigurationList;
			buildConfigurations = (
				BA9716BE2B15B40500CB9347 /* Debug */,
				BA9716BF2B15B40500CB9347 /* Release */,
			);
			defaultConfigurationIsVisible = 0;
			defaultConfigurationName = Release;
		};
		BA9716C02B15B40500CB9347 /* Build configuration list for PBXNativeTarget "tablas" */ = {
			isa = XCConfigurationList;
			buildConfigurations = (
				BA9716C12B15B40500CB9347 /* Debug */,
				BA9716C22B15B40500CB9347 /* Release */,
			);
			defaultConfigurationIsVisible = 0;
			defaultConfigurationName = Release;
		};
		BA9716C32B15B40500CB9347 /* Build configuration list for PBXNativeTarget "tablasTests" */ = {
			isa = XCConfigurationList;
			buildConfigurations = (
				BA9716C42B15B40500CB9347 /* Debug */,
				BA9716C52B15B40500CB9347 /* Release */,
			);
			defaultConfigurationIsVisible = 0;
			defaultConfigurationName = Release;
		};
		BA9716C62B15B40500CB9347 /* Build configuration list for PBXNativeTarget "tablasUITests" */ = {
			isa = XCConfigurationList;
			buildConfigurations = (
				BA9716C72B15B40500CB9347 /* Debug */,
				BA9716C82B15B40500CB9347 /* Release */,
			);
			defaultConfigurationIsVisible = 0;
			defaultConfigurationName = Release;
		};
/* End XCConfigurationList section */
	};
	rootObject = BA97168E2B15B40300CB9347 /* Project object */;
}
